// !$*UTF8*$!
{
	archiveVersion = 1;
	classes = {
	};
	objectVersion = 50;
	objects = {

/* Begin PBXBuildFile section */
		0B18830C24447C3A00C50FDC /* AppDelegate.swift in Sources */ = {isa = PBXBuildFile; fileRef = 0B18830B24447C3A00C50FDC /* AppDelegate.swift */; };
		0B18830E24447C3A00C50FDC /* SceneDelegate.swift in Sources */ = {isa = PBXBuildFile; fileRef = 0B18830D24447C3A00C50FDC /* SceneDelegate.swift */; };
		0B18831024447C3A00C50FDC /* ImageViewController.swift in Sources */ = {isa = PBXBuildFile; fileRef = 0B18830F24447C3A00C50FDC /* ImageViewController.swift */; };
		0B18831324447C3A00C50FDC /* Main.storyboard in Resources */ = {isa = PBXBuildFile; fileRef = 0B18831124447C3A00C50FDC /* Main.storyboard */; };
		0B18831524447C3A00C50FDC /* Assets.xcassets in Resources */ = {isa = PBXBuildFile; fileRef = 0B18831424447C3A00C50FDC /* Assets.xcassets */; };
		0B18831824447C3A00C50FDC /* LaunchScreen.storyboard in Resources */ = {isa = PBXBuildFile; fileRef = 0B18831624447C3A00C50FDC /* LaunchScreen.storyboard */; };
/* End PBXBuildFile section */

/* Begin PBXFileReference section */
		0B18830824447C3A00C50FDC /* iOSBasic.Day8Bonus.AnhND47.app */ = {isa = PBXFileReference; explicitFileType = wrapper.application; includeInIndex = 0; path = iOSBasic.Day8Bonus.AnhND47.app; sourceTree = BUILT_PRODUCTS_DIR; };
		0B18830B24447C3A00C50FDC /* AppDelegate.swift */ = {isa = PBXFileReference; lastKnownFileType = sourcecode.swift; path = AppDelegate.swift; sourceTree = "<group>"; };
		0B18830D24447C3A00C50FDC /* SceneDelegate.swift */ = {isa = PBXFileReference; lastKnownFileType = sourcecode.swift; path = SceneDelegate.swift; sourceTree = "<group>"; };
		0B18830F24447C3A00C50FDC /* ImageViewController.swift */ = {isa = PBXFileReference; lastKnownFileType = sourcecode.swift; path = ImageViewController.swift; sourceTree = "<group>"; };
		0B18831224447C3A00C50FDC /* Base */ = {isa = PBXFileReference; lastKnownFileType = file.storyboard; name = Base; path = Base.lproj/Main.storyboard; sourceTree = "<group>"; };
		0B18831424447C3A00C50FDC /* Assets.xcassets */ = {isa = PBXFileReference; lastKnownFileType = folder.assetcatalog; path = Assets.xcassets; sourceTree = "<group>"; };
		0B18831724447C3A00C50FDC /* Base */ = {isa = PBXFileReference; lastKnownFileType = file.storyboard; name = Base; path = Base.lproj/LaunchScreen.storyboard; sourceTree = "<group>"; };
		0B18831924447C3A00C50FDC /* Info.plist */ = {isa = PBXFileReference; lastKnownFileType = text.plist.xml; path = Info.plist; sourceTree = "<group>"; };
/* End PBXFileReference section */

/* Begin PBXFrameworksBuildPhase section */
		0B18830524447C3A00C50FDC /* Frameworks */ = {
			isa = PBXFrameworksBuildPhase;
			buildActionMask = 2147483647;
			files = (
			);
			runOnlyForDeploymentPostprocessing = 0;
		};
/* End PBXFrameworksBuildPhase section */

/* Begin PBXGroup section */
		0B1882FF24447C3A00C50FDC = {
			isa = PBXGroup;
			children = (
				0B18830A24447C3A00C50FDC /* iOSBasic.Day8Bonus.AnhND47 */,
				0B18830924447C3A00C50FDC /* Products */,
			);
			sourceTree = "<group>";
		};
		0B18830924447C3A00C50FDC /* Products */ = {
			isa = PBXGroup;
			children = (
				0B18830824447C3A00C50FDC /* iOSBasic.Day8Bonus.AnhND47.app */,
			);
			name = Products;
			sourceTree = "<group>";
		};
		0B18830A24447C3A00C50FDC /* iOSBasic.Day8Bonus.AnhND47 */ = {
			isa = PBXGroup;
			children = (
				0B18830B24447C3A00C50FDC /* AppDelegate.swift */,
				0B18830D24447C3A00C50FDC /* SceneDelegate.swift */,
				0B18830F24447C3A00C50FDC /* ImageViewController.swift */,
				0B18831124447C3A00C50FDC /* Main.storyboard */,
				0B18831424447C3A00C50FDC /* Assets.xcassets */,
				0B18831624447C3A00C50FDC /* LaunchScreen.storyboard */,
				0B18831924447C3A00C50FDC /* Info.plist */,
			);
			path = iOSBasic.Day8Bonus.AnhND47;
			sourceTree = "<group>";
		};
/* End PBXGroup section */

/* Begin PBXNativeTarget section */
		0B18830724447C3A00C50FDC /* iOSBasic.Day8Bonus.AnhND47 */ = {
			isa = PBXNativeTarget;
			buildConfigurationList = 0B18831C24447C3A00C50FDC /* Build configuration list for PBXNativeTarget "iOSBasic.Day8Bonus.AnhND47" */;
			buildPhases = (
				0B18830424447C3A00C50FDC /* Sources */,
				0B18830524447C3A00C50FDC /* Frameworks */,
				0B18830624447C3A00C50FDC /* Resources */,
			);
			buildRules = (
			);
			dependencies = (
			);
			name = iOSBasic.Day8Bonus.AnhND47;
			productName = iOSBasic.Day8Bonus.AnhND47;
			productReference = 0B18830824447C3A00C50FDC /* iOSBasic.Day8Bonus.AnhND47.app */;
			productType = "com.apple.product-type.application";
		};
/* End PBXNativeTarget section */

/* Begin PBXProject section */
		0B18830024447C3A00C50FDC /* Project object */ = {
			isa = PBXProject;
			attributes = {
				LastSwiftUpdateCheck = 1140;
				LastUpgradeCheck = 1140;
				ORGANIZATIONNAME = AnhND47;
				TargetAttributes = {
					0B18830724447C3A00C50FDC = {
						CreatedOnToolsVersion = 11.4;
					};
				};
			};
			buildConfigurationList = 0B18830324447C3A00C50FDC /* Build configuration list for PBXProject "iOSBasic.Day8Bonus.AnhND47" */;
			compatibilityVersion = "Xcode 9.3";
			developmentRegion = en;
			hasScannedForEncodings = 0;
			knownRegions = (
				en,
				Base,
			);
			mainGroup = 0B1882FF24447C3A00C50FDC;
			productRefGroup = 0B18830924447C3A00C50FDC /* Products */;
			projectDirPath = "";
			projectRoot = "";
			targets = (
				0B18830724447C3A00C50FDC /* iOSBasic.Day8Bonus.AnhND47 */,
			);
		};
/* End PBXProject section */

/* Begin PBXResourcesBuildPhase section */
		0B18830624447C3A00C50FDC /* Resources */ = {
			isa = PBXResourcesBuildPhase;
			buildActionMask = 2147483647;
			files = (
				0B18831824447C3A00C50FDC /* LaunchScreen.storyboard in Resources */,
				0B18831524447C3A00C50FDC /* Assets.xcassets in Resources */,
				0B18831324447C3A00C50FDC /* Main.storyboard in Resources */,
			);
			runOnlyForDeploymentPostprocessing = 0;
		};
/* End PBXResourcesBuildPhase section */

/* Begin PBXSourcesBuildPhase section */
		0B18830424447C3A00C50FDC /* Sources */ = {
			isa = PBXSourcesBuildPhase;
			buildActionMask = 2147483647;
			files = (
				0B18831024447C3A00C50FDC /* ImageViewController.swift in Sources */,
				0B18830C24447C3A00C50FDC /* AppDelegate.swift in Sources */,
				0B18830E24447C3A00C50FDC /* SceneDelegate.swift in Sources */,
			);
			runOnlyForDeploymentPostprocessing = 0;
		};
/* End PBXSourcesBuildPhase section */

/* Begin PBXVariantGroup section */
		0B18831124447C3A00C50FDC /* Main.storyboard */ = {
			isa = PBXVariantGroup;
			children = (
				0B18831224447C3A00C50FDC /* Base */,
			);
			name = Main.storyboard;
			sourceTree = "<group>";
		};
		0B18831624447C3A00C50FDC /* LaunchScreen.storyboard */ = {
			isa = PBXVariantGroup;
			children = (
				0B18831724447C3A00C50FDC /* Base */,
			);
			name = LaunchScreen.storyboard;
			sourceTree = "<group>";
		};
/* End PBXVariantGroup section */

/* Begin XCBuildConfiguration section */
		0B18831A24447C3A00C50FDC /* Debug */ = {
			isa = XCBuildConfiguration;
			buildSettings = {
				ALWAYS_SEARCH_USER_PATHS = NO;
				CLANG_ANALYZER_NONNULL = YES;
				CLANG_ANALYZER_NUMBER_OBJECT_CONVERSION = YES_AGGRESSIVE;
				CLANG_CXX_LANGUAGE_STANDARD = "gnu++14";
				CLANG_CXX_LIBRARY = "libc++";
				CLANG_ENABLE_MODULES = YES;
				CLANG_ENABLE_OBJC_ARC = YES;
				CLANG_ENABLE_OBJC_WEAK = YES;
				CLANG_WARN_BLOCK_CAPTURE_AUTORELEASING = YES;
				CLANG_WARN_BOOL_CONVERSION = YES;
				CLANG_WARN_COMMA = YES;
				CLANG_WARN_CONSTANT_CONVERSION = YES;
				CLANG_WARN_DEPRECATED_OBJC_IMPLEMENTATIONS = YES;
				CLANG_WARN_DIRECT_OBJC_ISA_USAGE = YES_ERROR;
				CLANG_WARN_DOCUMENTATION_COMMENTS = YES;
				CLANG_WARN_EMPTY_BODY = YES;
				CLANG_WARN_ENUM_CONVERSION = YES;
				CLANG_WARN_INFINITE_RECURSION = YES;
				CLANG_WARN_INT_CONVERSION = YES;
				CLANG_WARN_NON_LITERAL_NULL_CONVERSION = YES;
				CLANG_WARN_OBJC_IMPLICIT_RETAIN_SELF = YES;
				CLANG_WARN_OBJC_LITERAL_CONVERSION = YES;
				CLANG_WARN_OBJC_ROOT_CLASS = YES_ERROR;
				CLANG_WARN_RANGE_LOOP_ANALYSIS = YES;
				CLANG_WARN_STRICT_PROTOTYPES = YES;
				CLANG_WARN_SUSPICIOUS_MOVE = YES;
				CLANG_WARN_UNGUARDED_AVAILABILITY = YES_AGGRESSIVE;
				CLANG_WARN_UNREACHABLE_CODE = YES;
				CLANG_WARN__DUPLICATE_METHOD_MATCH = YES;
				COPY_PHASE_STRIP = NO;
				DEBUG_INFORMATION_FORMAT = dwarf;
				ENABLE_STRICT_OBJC_MSGSEND = YES;
				ENABLE_TESTABILITY = YES;
				GCC_C_LANGUAGE_STANDARD = gnu11;
				GCC_DYNAMIC_NO_PIC = NO;
				GCC_NO_COMMON_BLOCKS = YES;
				GCC_OPTIMIZATION_LEVEL = 0;
				GCC_PREPROCESSOR_DEFINITIONS = (
					"DEBUG=1",
					"$(inherited)",
				);
				GCC_WARN_64_TO_32_BIT_CONVERSION = YES;
				GCC_WARN_ABOUT_RETURN_TYPE = YES_ERROR;
				GCC_WARN_UNDECLARED_SELECTOR = YES;
				GCC_WARN_UNINITIALIZED_AUTOS = YES_AGGRESSIVE;
				GCC_WARN_UNUSED_FUNCTION = YES;
				GCC_WARN_UNUSED_VARIABLE = YES;
				IPHONEOS_DEPLOYMENT_TARGET = 13.4;
				MTL_ENABLE_DEBUG_INFO = INCLUDE_SOURCE;
				MTL_FAST_MATH = YES;
				ONLY_ACTIVE_ARCH = YES;
				SDKROOT = iphoneos;
				SWIFT_ACTIVE_COMPILATION_CONDITIONS = DEBUG;
				SWIFT_OPTIMIZATION_LEVEL = "-Onone";
			};
			name = Debug;
		};
		0B18831B24447C3A00C50FDC /* Release */ = {
			isa = XCBuildConfiguration;
			buildSettings = {
				ALWAYS_SEARCH_USER_PATHS = NO;
				CLANG_ANALYZER_NONNULL = YES;
				CLANG_ANALYZER_NUMBER_OBJECT_CONVERSION = YES_AGGRESSIVE;
				CLANG_CXX_LANGUAGE_STANDARD = "gnu++14";
				CLANG_CXX_LIBRARY = "libc++";
				CLANG_ENABLE_MODULES = YES;
				CLANG_ENABLE_OBJC_ARC = YES;
				CLANG_ENABLE_OBJC_WEAK = YES;
				CLANG_WARN_BLOCK_CAPTURE_AUTORELEASING = YES;
				CLANG_WARN_BOOL_CONVERSION = YES;
				CLANG_WARN_COMMA = YES;
				CLANG_WARN_CONSTANT_CONVERSION = YES;
				CLANG_WARN_DEPRECATED_OBJC_IMPLEMENTATIONS = YES;
				CLANG_WARN_DIRECT_OBJC_ISA_USAGE = YES_ERROR;
				CLANG_WARN_DOCUMENTATION_COMMENTS = YES;
				CLANG_WARN_EMPTY_BODY = YES;
				CLANG_WARN_ENUM_CONVERSION = YES;
				CLANG_WARN_INFINITE_RECURSION = YES;
				CLANG_WARN_INT_CONVERSION = YES;
				CLANG_WARN_NON_LITERAL_NULL_CONVERSION = YES;
				CLANG_WARN_OBJC_IMPLICIT_RETAIN_SELF = YES;
				CLANG_WARN_OBJC_LITERAL_CONVERSION = YES;
				CLANG_WARN_OBJC_ROOT_CLASS = YES_ERROR;
				CLANG_WARN_RANGE_LOOP_ANALYSIS = YES;
				CLANG_WARN_STRICT_PROTOTYPES = YES;
				CLANG_WARN_SUSPICIOUS_MOVE = YES;
				CLANG_WARN_UNGUARDED_AVAILABILITY = YES_AGGRESSIVE;
				CLANG_WARN_UNREACHABLE_CODE = YES;
				CLANG_WARN__DUPLICATE_METHOD_MATCH = YES;
				COPY_PHASE_STRIP = NO;
				DEBUG_INFORMATION_FORMAT = "dwarf-with-dsym";
				ENABLE_NS_ASSERTIONS = NO;
				ENABLE_STRICT_OBJC_MSGSEND = YES;
				GCC_C_LANGUAGE_STANDARD = gnu11;
				GCC_NO_COMMON_BLOCKS = YES;
				GCC_WARN_64_TO_32_BIT_CONVERSION = YES;
				GCC_WARN_ABOUT_RETURN_TYPE = YES_ERROR;
				GCC_WARN_UNDECLARED_SELECTOR = YES;
				GCC_WARN_UNINITIALIZED_AUTOS = YES_AGGRESSIVE;
				GCC_WARN_UNUSED_FUNCTION = YES;
				GCC_WARN_UNUSED_VARIABLE = YES;
				IPHONEOS_DEPLOYMENT_TARGET = 13.4;
				MTL_ENABLE_DEBUG_INFO = NO;
				MTL_FAST_MATH = YES;
				SDKROOT = iphoneos;
				SWIFT_COMPILATION_MODE = wholemodule;
				SWIFT_OPTIMIZATION_LEVEL = "-O";
				VALIDATE_PRODUCT = YES;
			};
			name = Release;
		};
		0B18831D24447C3A00C50FDC /* Debug */ = {
			isa = XCBuildConfiguration;
			buildSettings = {
				ASSETCATALOG_COMPILER_APPICON_NAME = AppIcon;
				CODE_SIGN_STYLE = Automatic;
				INFOPLIST_FILE = iOSBasic.Day8Bonus.AnhND47/Info.plist;
				LD_RUNPATH_SEARCH_PATHS = (
					"$(inherited)",
					"@executable_path/Frameworks",
				);
				PRODUCT_BUNDLE_IDENTIFIER = "com.AnhND47.iOSBasic-Day8Bonus-AnhND47";
				PRODUCT_NAME = "$(TARGET_NAME)";
				SWIFT_VERSION = 5.0;
				TARGETED_DEVICE_FAMILY = "1,2";
			};
			name = Debug;
		};
		0B18831E24447C3A00C50FDC /* Release */ = {
			isa = XCBuildConfiguration;
			buildSettings = {
				ASSETCATALOG_COMPILER_APPICON_NAME = AppIcon;
				CODE_SIGN_STYLE = Automatic;
				INFOPLIST_FILE = iOSBasic.Day8Bonus.AnhND47/Info.plist;
				LD_RUNPATH_SEARCH_PATHS = (
					"$(inherited)",
					"@executable_path/Frameworks",
				);
				PRODUCT_BUNDLE_IDENTIFIER = "com.AnhND47.iOSBasic-Day8Bonus-AnhND47";
				PRODUCT_NAME = "$(TARGET_NAME)";
				SWIFT_VERSION = 5.0;
				TARGETED_DEVICE_FAMILY = "1,2";
			};
			name = Release;
		};
/* End XCBuildConfiguration section */

/* Begin XCConfigurationList section */
		0B18830324447C3A00C50FDC /* Build configuration list for PBXProject "iOSBasic.Day8Bonus.AnhND47" */ = {
			isa = XCConfigurationList;
			buildConfigurations = (
				0B18831A24447C3A00C50FDC /* Debug */,
				0B18831B24447C3A00C50FDC /* Release */,
			);
			defaultConfigurationIsVisible = 0;
			defaultConfigurationName = Release;
		};
		0B18831C24447C3A00C50FDC /* Build configuration list for PBXNativeTarget "iOSBasic.Day8Bonus.AnhND47" */ = {
			isa = XCConfigurationList;
			buildConfigurations = (
				0B18831D24447C3A00C50FDC /* Debug */,
				0B18831E24447C3A00C50FDC /* Release */,
			);
			defaultConfigurationIsVisible = 0;
			defaultConfigurationName = Release;
		};
/* End XCConfigurationList section */
	};
	rootObject = 0B18830024447C3A00C50FDC /* Project object */;
}
